
Microsoft Visual Studio Solution File, Format Version 12.00
# Visual Studio Version 16
VisualStudioVersion = 16.0.33423.256
MinimumVisualStudioVersion = 10.0.40219.1
Project("{8BC9CEB8-8B4A-11D0-8D11-00A0C91BC942}") = "parking lot management system", "parking lot management system\parking lot management system.vcxproj", "{D78310C9-CCF2-4A80-99C1-EEC007C2099B}"
EndProject
Global
	GlobalSection(SolutionConfigurationPlatforms) = preSolution
		Debug|x64 = Debug|x64
		Debug|x86 = Debug|x86
		Release|x64 = Release|x64
		Release|x86 = Release|x86
	EndGlobalSection
	GlobalSection(ProjectConfigurationPlatforms) = postSolution
		{D78310C9-CCF2-4A80-99C1-EEC007C2099B}.Debug|x64.ActiveCfg = Debug|x64
		{D78310C9-CCF2-4A80-99C1-EEC007C2099B}.Debug|x64.Build.0 = Debug|x64
		{D78310C9-CCF2-4A80-99C1-EEC007C2099B}.Debug|x86.ActiveCfg = Debug|Win32
		{D78310C9-CCF2-4A80-99C1-EEC007C2099B}.Debug|x86.Build.0 = Debug|Win32
		{D78310C9-CCF2-4A80-99C1-EEC007C2099B}.Release|x64.ActiveCfg = Release|x64
		{D78310C9-CCF2-4A80-99C1-EEC007C2099B}.Release|x64.Build.0 = Release|x64
		{D78310C9-CCF2-4A80-99C1-EEC007C2099B}.Release|x86.ActiveCfg = Release|Win32
		{D78310C9-CCF2-4A80-99C1-EEC007C2099B}.Release|x86.Build.0 = Release|Win32
	EndGlobalSection
	GlobalSection(SolutionProperties) = preSolution
		HideSolutionNode = FALSE
	EndGlobalSection
	GlobalSection(ExtensibilityGlobals) = postSolution
		SolutionGuid = {423B9643-B81B-4196-B96F-95FF004A8B3F}
	EndGlobalSection
EndGlobal
