
Microsoft Visual Studio Solution File, Format Version 12.00
# Visual Studio 2013
VisualStudioVersion = 12.0.30501.0
MinimumVisualStudioVersion = 10.0.40219.1
Project("{8BC9CEB8-8B4A-11D0-8D11-00A0C91BC942}") = "1.1 模板的概念", "1.1 模板的概念\1.1 模板的概念.vcxproj", "{334409E5-7C76-4FA7-A865-D03B57C9A92A}"
EndProject
Global
	GlobalSection(SolutionConfigurationPlatforms) = preSolution
		Debug|Win32 = Debug|Win32
		Release|Win32 = Release|Win32
	EndGlobalSection
	GlobalSection(ProjectConfigurationPlatforms) = postSolution
		{334409E5-7C76-4FA7-A865-D03B57C9A92A}.Debug|Win32.ActiveCfg = Debug|Win32
		{334409E5-7C76-4FA7-A865-D03B57C9A92A}.Debug|Win32.Build.0 = Debug|Win32
		{334409E5-7C76-4FA7-A865-D03B57C9A92A}.Release|Win32.ActiveCfg = Release|Win32
		{334409E5-7C76-4FA7-A865-D03B57C9A92A}.Release|Win32.Build.0 = Release|Win32
	EndGlobalSection
	GlobalSection(SolutionProperties) = preSolution
		HideSolutionNode = FALSE
	EndGlobalSection
EndGlobal
